
Microsoft Visual Studio Solution File, Format Version 12.00
# Visual Studio Version 16
VisualStudioVersion = 16.0.30002.166
MinimumVisualStudioVersion = 10.0.40219.1
Project("{FAE04EC0-301F-11D3-BF4B-00C04F79EFBC}") = "DirectoryWatcherTestingConsole", "DirectoryWatcherTestingConsole\DirectoryWatcherTestingConsole.csproj", "{95DC2B91-2F1B-4861-ADFB-5586F116C31D}"
EndProject
Project("{FAE04EC0-301F-11D3-BF4B-00C04F79EFBC}") = "DirectoryWatcherService", "DirectoryWatcherService\DirectoryWatcherService.csproj", "{66FC7BDC-D59F-4B12-9EF1-B42FD930D52B}"
EndProject
Global
	GlobalSection(SolutionConfigurationPlatforms) = preSolution
		Debug|Any CPU = Debug|Any CPU
		Release|Any CPU = Release|Any CPU
	EndGlobalSection
	GlobalSection(ProjectConfigurationPlatforms) = postSolution
		{95DC2B91-2F1B-4861-ADFB-5586F116C31D}.Debug|Any CPU.ActiveCfg = Debug|Any CPU
		{95DC2B91-2F1B-4861-ADFB-5586F116C31D}.Debug|Any CPU.Build.0 = Debug|Any CPU
		{95DC2B91-2F1B-4861-ADFB-5586F116C31D}.Release|Any CPU.ActiveCfg = Release|Any CPU
		{95DC2B91-2F1B-4861-ADFB-5586F116C31D}.Release|Any CPU.Build.0 = Release|Any CPU
		{66FC7BDC-D59F-4B12-9EF1-B42FD930D52B}.Debug|Any CPU.ActiveCfg = Debug|Any CPU
		{66FC7BDC-D59F-4B12-9EF1-B42FD930D52B}.Debug|Any CPU.Build.0 = Debug|Any CPU
		{66FC7BDC-D59F-4B12-9EF1-B42FD930D52B}.Release|Any CPU.ActiveCfg = Release|Any CPU
		{66FC7BDC-D59F-4B12-9EF1-B42FD930D52B}.Release|Any CPU.Build.0 = Release|Any CPU
	EndGlobalSection
	GlobalSection(SolutionProperties) = preSolution
		HideSolutionNode = FALSE
	EndGlobalSection
	GlobalSection(ExtensibilityGlobals) = postSolution
		SolutionGuid = {2E5760B2-3475-4775-8068-BC8115D579AE}
	EndGlobalSection
EndGlobal
